github.com/ilhom0258/bank v0.0.0-20200926114139-f45ee2582067 h1:A133X589g+b4byNasgU9CXgf/KzjOmmx2/vct7+f4a4=
github.com/ilhom0258/bank v0.0.0-20200926114139-f45ee2582067/go.mod h1:pRhTbz+4HgxmZclIP2hI7JsiRBnQZ0kE1W9QpjWAOhk=
github.com/ilhom0258/bank/v2 v2.0.0 h1:mcL72NpXoachSAPn8oxJraFa186mcuFr04w3BpRlNCA=
github.com/ilhom0258/bank/v2 v2.0.0/go.mod h1:yI9xZmDUPPsJlaIIofIOOsS2iST0LTshOpJ7PNbvX/o=
